// !$*UTF8*$!
{
	archiveVersion = 1;
	classes = {
	};
	objectVersion = 77;
	objects = {

/* Begin PBXContainerItemProxy section */
		2B451AD82FAC939500CB4F2E /* PBXContainerItemProxy */ = {
			isa = PBXContainerItemProxy;
			containerPortal = 2B451AC02FAC939300CB4F2E /* Project object */;
			proxyType = 1;
			remoteGlobalIDString = 2B451AC72FAC939300CB4F2E;
			remoteInfo = "Behind-The-Reefs";
		};
		2B451AE22FAC939500CB4F2E /* PBXContainerItemProxy */ = {
			isa = PBXContainerItemProxy;
			containerPortal = 2B451AC02FAC939300CB4F2E /* Project object */;
			proxyType = 1;
			remoteGlobalIDString = 2B451AC72FAC939300CB4F2E;
			remoteInfo = "Behind-The-Reefs";
		};
/* End PBXContainerItemProxy section */

/* Begin PBXFileReference section */
		2B451AC82FAC939300CB4F2E /* Behind-The-Reefs.app */ = {isa = PBXFileReference; explicitFileType = wrapper.application; includeInIndex = 0; path = "Behind-The-Reefs.app"; sourceTree = BUILT_PRODUCTS_DIR; };
		2B451AD72FAC939500CB4F2E /* Behind-The-ReefsTests.xctest */ = {isa = PBXFileReference; explicitFileType = wrapper.cfbundle; includeInIndex = 0; path = "Behind-The-ReefsTests.xctest"; sourceTree = BUILT_PRODUCTS_DIR; };
		2B451AE12FAC939500CB4F2E /* Behind-The-ReefsUITests.xctest */ = {isa = PBXFileReference; explicitFileType = wrapper.cfbundle; includeInIndex = 0; path = "Behind-The-ReefsUITests.xctest"; sourceTree = BUILT_PRODUCTS_DIR; };
		2B451AF62FAC93B900CB4F2E /* Behind-The-Reefs.xcodeproj */ = {isa = PBXFileReference; lastKnownFileType = "wrapper.pb-project"; path = "Behind-The-Reefs.xcodeproj"; sourceTree = "<group>"; };
		2B451B2D2FAC942A00CB4F2E /* Behind-The-Reefs.xcodeproj */ = {isa = PBXFileReference; lastKnownFileType = "wrapper.pb-project"; path = "Behind-The-Reefs.xcodeproj"; sourceTree = "<group>"; };
/* End PBXFileReference section */

/* Begin PBXFileSystemSynchronizedBuildFileExceptionSet section */
		6FC96B2D2FB36AFC005C4197 /* Exceptions for "Behind-The-Reefs" folder in "Behind-The-Reefs" target */ = {
			isa = PBXFileSystemSynchronizedBuildFileExceptionSet;
			membershipExceptions = (
				Info.plist,
			);
			target = 2B451AC72FAC939300CB4F2E /* Behind-The-Reefs */;
		};
/* End PBXFileSystemSynchronizedBuildFileExceptionSet section */

/* Begin PBXFileSystemSynchronizedRootGroup section */
		2B451ACA2FAC939300CB4F2E /* Behind-The-Reefs */ = {
			isa = PBXFileSystemSynchronizedRootGroup;
			exceptions = (
				6FC96B2D2FB36AFC005C4197 /* Exceptions for "Behind-The-Reefs" folder in "Behind-The-Reefs" target */,
			);
			path = "Behind-The-Reefs";
			sourceTree = "<group>";
		};
		2B451ADA2FAC939500CB4F2E /* Behind-The-ReefsTests */ = {
			isa = PBXFileSystemSynchronizedRootGroup;
			path = "Behind-The-ReefsTests";
			sourceTree = "<group>";
		};
		2B451AE42FAC939500CB4F2E /* Behind-The-ReefsUITests */ = {
			isa = PBXFileSystemSynchronizedRootGroup;
			path = "Behind-The-ReefsUITests";
			sourceTree = "<group>";
		};
/* End PBXFileSystemSynchronizedRootGroup section */

/* Begin PBXFrameworksBuildPhase section */
		2B451AC52FAC939300CB4F2E /* Frameworks */ = {
			isa = PBXFrameworksBuildPhase;
			buildActionMask = 2147483647;
			files = (
			);
			runOnlyForDeploymentPostprocessing = 0;
		};
		2B451AD42FAC939500CB4F2E /* Frameworks */ = {
			isa = PBXFrameworksBuildPhase;
			buildActionMask = 2147483647;
			files = (
			);
			runOnlyForDeploymentPostprocessing = 0;
		};
		2B451ADE2FAC939500CB4F2E /* Frameworks */ = {
			isa = PBXFrameworksBuildPhase;
			buildActionMask = 2147483647;
			files = (
			);
			runOnlyForDeploymentPostprocessing = 0;
		};
/* End PBXFrameworksBuildPhase section */

/* Begin PBXGroup section */
		2B451ABF2FAC939300CB4F2E = {
			isa = PBXGroup;
			children = (
				2B451ACA2FAC939300CB4F2E /* Behind-The-Reefs */,
				2B451ADA2FAC939500CB4F2E /* Behind-The-ReefsTests */,
				2B451AE42FAC939500CB4F2E /* Behind-The-ReefsUITests */,
				2B451AC92FAC939300CB4F2E /* Products */,
			);
			sourceTree = "<group>";
		};
		2B451AC92FAC939300CB4F2E /* Products */ = {
			isa = PBXGroup;
			children = (
				2B451AC82FAC939300CB4F2E /* Behind-The-Reefs.app */,
				2B451AD72FAC939500CB4F2E /* Behind-The-ReefsTests.xctest */,
				2B451AE12FAC939500CB4F2E /* Behind-The-ReefsUITests.xctest */,
			);
			name = Products;
			sourceTree = "<group>";
		};
		2B451AF92FAC93B900CB4F2E /* Products */ = {
			isa = PBXGroup;
			name = Products;
			sourceTree = "<group>";
		};
		2B451B302FAC942A00CB4F2E /* Products */ = {
			isa = PBXGroup;
			name = Products;
			sourceTree = "<group>";
		};
/* End PBXGroup section */

/* Begin PBXNativeTarget section */
		2B451AC72FAC939300CB4F2E /* Behind-The-Reefs */ = {
			isa = PBXNativeTarget;
			buildConfigurationList = 2B451AEB2FAC939500CB4F2E /* Build configuration list for PBXNativeTarget "Behind-The-Reefs" */;
			buildPhases = (
				2B451AC42FAC939300CB4F2E /* Sources */,
				2B451AC52FAC939300CB4F2E /* Frameworks */,
				2B451AC62FAC939300CB4F2E /* Resources */,
			);
			buildRules = (
			);
			dependencies = (
			);
			fileSystemSynchronizedGroups = (
				2B451ACA2FAC939300CB4F2E /* Behind-The-Reefs */,
			);
			name = "Behind-The-Reefs";
			packageProductDependencies = (
			);
			productName = "Behind-The-Reefs";
			productReference = 2B451AC82FAC939300CB4F2E /* Behind-The-Reefs.app */;
			productType = "com.apple.product-type.application";
		};
		2B451AD62FAC939500CB4F2E /* Behind-The-ReefsTests */ = {
			isa = PBXNativeTarget;
			buildConfigurationList = 2B451AEE2FAC939500CB4F2E /* Build configuration list for PBXNativeTarget "Behind-The-ReefsTests" */;
			buildPhases = (
				2B451AD32FAC939500CB4F2E /* Sources */,
				2B451AD42FAC939500CB4F2E /* Frameworks */,
				2B451AD52FAC939500CB4F2E /* Resources */,
			);
			buildRules = (
			);
			dependencies = (
				2B451AD92FAC939500CB4F2E /* PBXTargetDependency */,
			);
			fileSystemSynchronizedGroups = (
				2B451ADA2FAC939500CB4F2E /* Behind-The-ReefsTests */,
			);
			name = "Behind-The-ReefsTests";
			packageProductDependencies = (
			);
			productName = "Behind-The-ReefsTests";
			productReference = 2B451AD72FAC939500CB4F2E /* Behind-The-ReefsTests.xctest */;
			productType = "com.apple.product-type.bundle.unit-test";
		};
		2B451AE02FAC939500CB4F2E /* Behind-The-ReefsUITests */ = {
			isa = PBXNativeTarget;
			buildConfigurationList = 2B451AF12FAC939500CB4F2E /* Build configuration list for PBXNativeTarget "Behind-The-ReefsUITests" */;
			buildPhases = (
				2B451ADD2FAC939500CB4F2E /* Sources */,
				2B451ADE2FAC939500CB4F2E /* Frameworks */,
				2B451ADF2FAC939500CB4F2E /* Resources */,
			);
			buildRules = (
			);
			dependencies = (
				2B451AE32FAC939500CB4F2E /* PBXTargetDependency */,
			);
			fileSystemSynchronizedGroups = (
				2B451AE42FAC939500CB4F2E /* Behind-The-ReefsUITests */,
			);
			name = "Behind-The-ReefsUITests";
			packageProductDependencies = (
			);
			productName = "Behind-The-ReefsUITests";
			productReference = 2B451AE12FAC939500CB4F2E /* Behind-The-ReefsUITests.xctest */;
			productType = "com.apple.product-type.bundle.ui-testing";
		};
/* End PBXNativeTarget section */

/* Begin PBXProject section */
		2B451AC02FAC939300CB4F2E /* Project object */ = {
			isa = PBXProject;
			attributes = {
				BuildIndependentTargetsInParallel = 1;
				LastSwiftUpdateCheck = 2640;
				LastUpgradeCheck = 2640;
				TargetAttributes = {
					2B451AC72FAC939300CB4F2E = {
						CreatedOnToolsVersion = 26.4.1;
					};
					2B451AD62FAC939500CB4F2E = {
						CreatedOnToolsVersion = 26.4.1;
						TestTargetID = 2B451AC72FAC939300CB4F2E;
					};
					2B451AE02FAC939500CB4F2E = {
						CreatedOnToolsVersion = 26.4.1;
						TestTargetID = 2B451AC72FAC939300CB4F2E;
					};
				};
			};
			buildConfigurationList = 2B451AC32FAC939300CB4F2E /* Build configuration list for PBXProject "Behind-The-Reefs" */;
			developmentRegion = en;
			hasScannedForEncodings = 0;
			knownRegions = (
				en,
				Base,
			);
			mainGroup = 2B451ABF2FAC939300CB4F2E;
			minimizedProjectReferenceProxies = 1;
			preferredProjectObjectVersion = 77;
			productRefGroup = 2B451AC92FAC939300CB4F2E /* Products */;
			projectDirPath = "";
			projectReferences = (
				{
					ProductGroup = 2B451AF92FAC93B900CB4F2E /* Products */;
					ProjectRef = 2B451AF62FAC93B900CB4F2E /* Behind-The-Reefs.xcodeproj */;
				},
				{
					ProductGroup = 2B451B302FAC942A00CB4F2E /* Products */;
					ProjectRef = 2B451B2D2FAC942A00CB4F2E /* Behind-The-Reefs.xcodeproj */;
				},
			);
			projectRoot = "";
			targets = (
				2B451AC72FAC939300CB4F2E /* Behind-The-Reefs */,
				2B451AD62FAC939500CB4F2E /* Behind-The-ReefsTests */,
				2B451AE02FAC939500CB4F2E /* Behind-The-ReefsUITests */,
			);
		};
/* End PBXProject section */

/* Begin PBXResourcesBuildPhase section */
		2B451AC62FAC939300CB4F2E /* Resources */ = {
			isa = PBXResourcesBuildPhase;
			buildActionMask = 2147483647;
			files = (
			);
			runOnlyForDeploymentPostprocessing = 0;
		};
		2B451AD52FAC939500CB4F2E /* Resources */ = {
			isa = PBXResourcesBuildPhase;
			buildActionMask = 2147483647;
			files = (
			);
			runOnlyForDeploymentPostprocessing = 0;
		};
		2B451ADF2FAC939500CB4F2E /* Resources */ = {
			isa = PBXResourcesBuildPhase;
			buildActionMask = 2147483647;
			files = (
			);
			runOnlyForDeploymentPostprocessing = 0;
		};
/* End PBXResourcesBuildPhase section */

/* Begin PBXSourcesBuildPhase section */
		2B451AC42FAC939300CB4F2E /* Sources */ = {
			isa = PBXSourcesBuildPhase;
			buildActionMask = 2147483647;
			files = (
			);
			runOnlyForDeploymentPostprocessing = 0;
		};
		2B451AD32FAC939500CB4F2E /* Sources */ = {
			isa = PBXSourcesBuildPhase;
			buildActionMask = 2147483647;
			files = (
			);
			runOnlyForDeploymentPostprocessing = 0;
		};
		2B451ADD2FAC939500CB4F2E /* Sources */ = {
			isa = PBXSourcesBuildPhase;
			buildActionMask = 2147483647;
			files = (
			);
			runOnlyForDeploymentPostprocessing = 0;
		};
/* End PBXSourcesBuildPhase section */

/* Begin PBXTargetDependency section */
		2B451AD92FAC939500CB4F2E /* PBXTargetDependency */ = {
			isa = PBXTargetDependency;
			target = 2B451AC72FAC939300CB4F2E /* Behind-The-Reefs */;
			targetProxy = 2B451AD82FAC939500CB4F2E /* PBXContainerItemProxy */;
		};
		2B451AE32FAC939500CB4F2E /* PBXTargetDependency */ = {
			isa = PBXTargetDependency;
			target = 2B451AC72FAC939300CB4F2E /* Behind-The-Reefs */;
			targetProxy = 2B451AE22FAC939500CB4F2E /* PBXContainerItemProxy */;
		};
/* End PBXTargetDependency section */

/* Begin XCBuildConfiguration section */
		2B451AE92FAC939500CB4F2E /* Debug */ = {
			isa = XCBuildConfiguration;
			buildSettings = {
				ALWAYS_SEARCH_USER_PATHS = NO;
				ASSETCATALOG_COMPILER_GENERATE_SWIFT_ASSET_SYMBOL_EXTENSIONS = YES;
				CLANG_ANALYZER_NONNULL = YES;
				CLANG_ANALYZER_NUMBER_OBJECT_CONVERSION = YES_AGGRESSIVE;
				CLANG_CXX_LANGUAGE_STANDARD = "gnu++20";
				CLANG_ENABLE_MODULES = YES;
				CLANG_ENABLE_OBJC_ARC = YES;
				CLANG_ENABLE_OBJC_WEAK = YES;
				CLANG_WARN_BLOCK_CAPTURE_AUTORELEASING = YES;
				CLANG_WARN_BOOL_CONVERSION = YES;
				CLANG_WARN_COMMA = YES;
				CLANG_WARN_CONSTANT_CONVERSION = YES;
				CLANG_WARN_DEPRECATED_OBJC_IMPLEMENTATIONS = YES;
				CLANG_WARN_DIRECT_OBJC_ISA_USAGE = YES_ERROR;
				CLANG_WARN_DOCUMENTATION_COMMENTS = YES;
				CLANG_WARN_EMPTY_BODY = YES;
				CLANG_WARN_ENUM_CONVERSION = YES;
				CLANG_WARN_INFINITE_RECURSION = YES;
				CLANG_WARN_INT_CONVERSION = YES;
				CLANG_WARN_NON_LITERAL_NULL_CONVERSION = YES;
				CLANG_WARN_OBJC_IMPLICIT_RETAIN_SELF = YES;
				CLANG_WARN_OBJC_LITERAL_CONVERSION = YES;
				CLANG_WARN_OBJC_ROOT_CLASS = YES_ERROR;
				CLANG_WARN_QUOTED_INCLUDE_IN_FRAMEWORK_HEADER = YES;
				CLANG_WARN_RANGE_LOOP_ANALYSIS = YES;
				CLANG_WARN_STRICT_PROTOTYPES = YES;
				CLANG_WARN_SUSPICIOUS_MOVE = YES;
				CLANG_WARN_UNGUARDED_AVAILABILITY = YES_AGGRESSIVE;
				CLANG_WARN_UNREACHABLE_CODE = YES;
				CLANG_WARN__DUPLICATE_METHOD_MATCH = YES;
				COPY_PHASE_STRIP = NO;
				DEBUG_INFORMATION_FORMAT = dwarf;
				DEVELOPMENT_TEAM = 984P4SW3VJ;
				ENABLE_STRICT_OBJC_MSGSEND = YES;
				ENABLE_TESTABILITY = YES;
				ENABLE_USER_SCRIPT_SANDBOXING = YES;
				GCC_C_LANGUAGE_STANDARD = gnu17;
				GCC_DYNAMIC_NO_PIC = NO;
				GCC_NO_COMMON_BLOCKS = YES;
				GCC_OPTIMIZATION_LEVEL = 0;
				GCC_PREPROCESSOR_DEFINITIONS = (
					"DEBUG=1",
					"$(inherited)",
				);
				GCC_WARN_64_TO_32_BIT_CONVERSION = YES;
				GCC_WARN_ABOUT_RETURN_TYPE = YES_ERROR;
				GCC_WARN_UNDECLARED_SELECTOR = YES;
				GCC_WARN_UNINITIALIZED_AUTOS = YES_AGGRESSIVE;
				GCC_WARN_UNUSED_FUNCTION = YES;
				GCC_WARN_UNUSED_VARIABLE = YES;
				IPHONEOS_DEPLOYMENT_TARGET = 26.4;
				LOCALIZATION_PREFERS_STRING_CATALOGS = YES;
				MTL_ENABLE_DEBUG_INFO = INCLUDE_SOURCE;
				MTL_FAST_MATH = YES;
				ONLY_ACTIVE_ARCH = YES;
				SDKROOT = iphoneos;
				SWIFT_ACTIVE_COMPILATION_CONDITIONS = "DEBUG $(inherited)";
				SWIFT_OPTIMIZATION_LEVEL = "-Onone";
			};
			name = Debug;
		};
		2B451AEA2FAC939500CB4F2E /* Release */ = {
			isa = XCBuildConfiguration;
			buildSettings = {
				ALWAYS_SEARCH_USER_PATHS = NO;
				ASSETCATALOG_COMPILER_GENERATE_SWIFT_ASSET_SYMBOL_EXTENSIONS = YES;
				CLANG_ANALYZER_NONNULL = YES;
				CLANG_ANALYZER_NUMBER_OBJECT_CONVERSION = YES_AGGRESSIVE;
				CLANG_CXX_LANGUAGE_STANDARD = "gnu++20";
				CLANG_ENABLE_MODULES = YES;
				CLANG_ENABLE_OBJC_ARC = YES;
				CLANG_ENABLE_OBJC_WEAK = YES;
				CLANG_WARN_BLOCK_CAPTURE_AUTORELEASING = YES;
				CLANG_WARN_BOOL_CONVERSION = YES;
				CLANG_WARN_COMMA = YES;
				CLANG_WARN_CONSTANT_CONVERSION = YES;
				CLANG_WARN_DEPRECATED_OBJC_IMPLEMENTATIONS = YES;
				CLANG_WARN_DIRECT_OBJC_ISA_USAGE = YES_ERROR;
				CLANG_WARN_DOCUMENTATION_COMMENTS = YES;
				CLANG_WARN_EMPTY_BODY = YES;
				CLANG_WARN_ENUM_CONVERSION = YES;
				CLANG_WARN_INFINITE_RECURSION = YES;
				CLANG_WARN_INT_CONVERSION = YES;
				CLANG_WARN_NON_LITERAL_NULL_CONVERSION = YES;
				CLANG_WARN_OBJC_IMPLICIT_RETAIN_SELF = YES;
				CLANG_WARN_OBJC_LITERAL_CONVERSION = YES;
				CLANG_WARN_OBJC_ROOT_CLASS = YES_ERROR;
				CLANG_WARN_QUOTED_INCLUDE_IN_FRAMEWORK_HEADER = YES;
				CLANG_WARN_RANGE_LOOP_ANALYSIS = YES;
				CLANG_WARN_STRICT_PROTOTYPES = YES;
				CLANG_WARN_SUSPICIOUS_MOVE = YES;
				CLANG_WARN_UNGUARDED_AVAILABILITY = YES_AGGRESSIVE;
				CLANG_WARN_UNREACHABLE_CODE = YES;
				CLANG_WARN__DUPLICATE_METHOD_MATCH = YES;
				COPY_PHASE_STRIP = NO;
				DEBUG_INFORMATION_FORMAT = "dwarf-with-dsym";
				DEVELOPMENT_TEAM = 984P4SW3VJ;
				ENABLE_NS_ASSERTIONS = NO;
				ENABLE_STRICT_OBJC_MSGSEND = YES;
				ENABLE_USER_SCRIPT_SANDBOXING = YES;
				GCC_C_LANGUAGE_STANDARD = gnu17;
				GCC_NO_COMMON_BLOCKS = YES;
				GCC_WARN_64_TO_32_BIT_CONVERSION = YES;
				GCC_WARN_ABOUT_RETURN_TYPE = YES_ERROR;
				GCC_WARN_UNDECLARED_SELECTOR = YES;
				GCC_WARN_UNINITIALIZED_AUTOS = YES_AGGRESSIVE;
				GCC_WARN_UNUSED_FUNCTION = YES;
				GCC_WARN_UNUSED_VARIABLE = YES;
				IPHONEOS_DEPLOYMENT_TARGET = 26.4;
				LOCALIZATION_PREFERS_STRING_CATALOGS = YES;
				MTL_ENABLE_DEBUG_INFO = NO;
				MTL_FAST_MATH = YES;
				SDKROOT = iphoneos;
				SWIFT_COMPILATION_MODE = wholemodule;
				VALIDATE_PRODUCT = YES;
			};
			name = Release;
		};
		2B451AEC2FAC939500CB4F2E /* Debug */ = {
			isa = XCBuildConfiguration;
			buildSettings = {
				ASSETCATALOG_COMPILER_APPICON_NAME = AppIcon;
				ASSETCATALOG_COMPILER_GLOBAL_ACCENT_COLOR_NAME = AccentColor;
				CODE_SIGN_STYLE = Automatic;
				CURRENT_PROJECT_VERSION = 1;
				DEVELOPMENT_TEAM = 95C9G5AYFC;
				ENABLE_PREVIEWS = YES;
				GENERATE_INFOPLIST_FILE = YES;
				INFOPLIST_FILE = "Behind-The-Reefs/Info.plist";
				INFOPLIST_KEY_UIApplicationSceneManifest_Generation = YES;
				INFOPLIST_KEY_UIApplicationSupportsIndirectInputEvents = YES;
				INFOPLIST_KEY_UILaunchScreen_Generation = YES;
				INFOPLIST_KEY_UISupportedInterfaceOrientations = "UIInterfaceOrientationLandscapeLeft UIInterfaceOrientationLandscapeRight";
				INFOPLIST_KEY_UISupportedInterfaceOrientations_iPad = "UIInterfaceOrientationLandscapeLeft UIInterfaceOrientationLandscapeRight UIInterfaceOrientationPortrait UIInterfaceOrientationPortraitUpsideDown";
				LD_RUNPATH_SEARCH_PATHS = (
					"$(inherited)",
					"@executable_path/Frameworks",
				);
				MARKETING_VERSION = 1.0;
				PRODUCT_BUNDLE_IDENTIFIER = "com.hanaazizah.Behind-The-Reefs";
				PRODUCT_NAME = "$(TARGET_NAME)";
				STRING_CATALOG_GENERATE_SYMBOLS = YES;
				SUPPORTED_PLATFORMS = "iphoneos iphonesimulator";
				SUPPORTS_MACCATALYST = NO;
				SUPPORTS_MAC_DESIGNED_FOR_IPHONE_IPAD = NO;
				SUPPORTS_XR_DESIGNED_FOR_IPHONE_IPAD = NO;
				SWIFT_APPROACHABLE_CONCURRENCY = YES;
				SWIFT_DEFAULT_ACTOR_ISOLATION = MainActor;
				SWIFT_EMIT_LOC_STRINGS = YES;
				SWIFT_UPCOMING_FEATURE_MEMBER_IMPORT_VISIBILITY = YES;
				SWIFT_VERSION = 5.0;
				TARGETED_DEVICE_FAMILY = 1;
			};
			name = Debug;
		};
		2B451AED2FAC939500CB4F2E /* Release */ = {
			isa = XCBuildConfiguration;
			buildSettings = {
				ASSETCATALOG_COMPILER_APPICON_NAME = AppIcon;
				ASSETCATALOG_COMPILER_GLOBAL_ACCENT_COLOR_NAME = AccentColor;
				CODE_SIGN_STYLE = Automatic;
				CURRENT_PROJECT_VERSION = 1;
				DEVELOPMENT_TEAM = 95C9G5AYFC;
				ENABLE_PREVIEWS = YES;
				GENERATE_INFOPLIST_FILE = YES;
				INFOPLIST_FILE = "Behind-The-Reefs/Info.plist";
				INFOPLIST_KEY_UIApplicationSceneManifest_Generation = YES;
				INFOPLIST_KEY_UIApplicationSupportsIndirectInputEvents = YES;
				INFOPLIST_KEY_UILaunchScreen_Generation = YES;
				INFOPLIST_KEY_UISupportedInterfaceOrientations = "UIInterfaceOrientationLandscapeLeft UIInterfaceOrientationLandscapeRight";
				INFOPLIST_KEY_UISupportedInterfaceOrientations_iPad = "UIInterfaceOrientationLandscapeLeft UIInterfaceOrientationLandscapeRight UIInterfaceOrientationPortrait UIInterfaceOrientationPortraitUpsideDown";
				LD_RUNPATH_SEARCH_PATHS = (
					"$(inherited)",
					"@executable_path/Frameworks",
				);
				MARKETING_VERSION = 1.0;
				PRODUCT_BUNDLE_IDENTIFIER = "com.hanaazizah.Behind-The-Reefs";
				PRODUCT_NAME = "$(TARGET_NAME)";
				STRING_CATALOG_GENERATE_SYMBOLS = YES;
				SUPPORTED_PLATFORMS = "iphoneos iphonesimulator";
				SUPPORTS_MACCATALYST = NO;
				SUPPORTS_MAC_DESIGNED_FOR_IPHONE_IPAD = NO;
				SUPPORTS_XR_DESIGNED_FOR_IPHONE_IPAD = NO;
				SWIFT_APPROACHABLE_CONCURRENCY = YES;
				SWIFT_DEFAULT_ACTOR_ISOLATION = MainActor;
				SWIFT_EMIT_LOC_STRINGS = YES;
				SWIFT_UPCOMING_FEATURE_MEMBER_IMPORT_VISIBILITY = YES;
				SWIFT_VERSION = 5.0;
				TARGETED_DEVICE_FAMILY = 1;
			};
			name = Release;
		};
		2B451AEF2FAC939500CB4F2E /* Debug */ = {
			isa = XCBuildConfiguration;
			buildSettings = {
				BUNDLE_LOADER = "$(TEST_HOST)";
				CODE_SIGN_STYLE = Automatic;
				CURRENT_PROJECT_VERSION = 1;
				DEVELOPMENT_TEAM = 984P4SW3VJ;
				GENERATE_INFOPLIST_FILE = YES;
				IPHONEOS_DEPLOYMENT_TARGET = 26.4;
				MARKETING_VERSION = 1.0;
				PRODUCT_BUNDLE_IDENTIFIER = "com.hanaazizah.Behind-The-ReefsTests";
				PRODUCT_NAME = "$(TARGET_NAME)";
				STRING_CATALOG_GENERATE_SYMBOLS = NO;
				SUPPORTED_PLATFORMS = "iphoneos iphonesimulator";
				SUPPORTS_MACCATALYST = NO;
				SUPPORTS_MAC_DESIGNED_FOR_IPHONE_IPAD = NO;
				SUPPORTS_XR_DESIGNED_FOR_IPHONE_IPAD = NO;
				SWIFT_APPROACHABLE_CONCURRENCY = YES;
				SWIFT_EMIT_LOC_STRINGS = NO;
				SWIFT_UPCOMING_FEATURE_MEMBER_IMPORT_VISIBILITY = YES;
				SWIFT_VERSION = 5.0;
				TARGETED_DEVICE_FAMILY = 1;
				TEST_HOST = "$(BUILT_PRODUCTS_DIR)/Behind-The-Reefs.app/$(BUNDLE_EXECUTABLE_FOLDER_PATH)/Behind-The-Reefs";
			};
			name = Debug;
		};
		2B451AF02FAC939500CB4F2E /* Release */ = {
			isa = XCBuildConfiguration;
			buildSettings = {
				BUNDLE_LOADER = "$(TEST_HOST)";
				CODE_SIGN_STYLE = Automatic;
				CURRENT_PROJECT_VERSION = 1;
				DEVELOPMENT_TEAM = 984P4SW3VJ;
				GENERATE_INFOPLIST_FILE = YES;
				IPHONEOS_DEPLOYMENT_TARGET = 26.4;
				MARKETING_VERSION = 1.0;
				PRODUCT_BUNDLE_IDENTIFIER = "com.hanaazizah.Behind-The-ReefsTests";
				PRODUCT_NAME = "$(TARGET_NAME)";
				STRING_CATALOG_GENERATE_SYMBOLS = NO;
				SUPPORTED_PLATFORMS = "iphoneos iphonesimulator";
				SUPPORTS_MACCATALYST = NO;
				SUPPORTS_MAC_DESIGNED_FOR_IPHONE_IPAD = NO;
				SUPPORTS_XR_DESIGNED_FOR_IPHONE_IPAD = NO;
				SWIFT_APPROACHABLE_CONCURRENCY = YES;
				SWIFT_EMIT_LOC_STRINGS = NO;
				SWIFT_UPCOMING_FEATURE_MEMBER_IMPORT_VISIBILITY = YES;
				SWIFT_VERSION = 5.0;
				TARGETED_DEVICE_FAMILY = 1;
				TEST_HOST = "$(BUILT_PRODUCTS_DIR)/Behind-The-Reefs.app/$(BUNDLE_EXECUTABLE_FOLDER_PATH)/Behind-The-Reefs";
			};
			name = Release;
		};
		2B451AF22FAC939500CB4F2E /* Debug */ = {
			isa = XCBuildConfiguration;
			buildSettings = {
				CODE_SIGN_STYLE = Automatic;
				CURRENT_PROJECT_VERSION = 1;
				DEVELOPMENT_TEAM = 984P4SW3VJ;
				GENERATE_INFOPLIST_FILE = YES;
				MARKETING_VERSION = 1.0;
				PRODUCT_BUNDLE_IDENTIFIER = "com.hanaazizah.Behind-The-ReefsUITests";
				PRODUCT_NAME = "$(TARGET_NAME)";
				STRING_CATALOG_GENERATE_SYMBOLS = NO;
				SUPPORTED_PLATFORMS = "iphoneos iphonesimulator";
				SUPPORTS_MACCATALYST = NO;
				SUPPORTS_MAC_DESIGNED_FOR_IPHONE_IPAD = NO;
				SUPPORTS_XR_DESIGNED_FOR_IPHONE_IPAD = NO;
				SWIFT_APPROACHABLE_CONCURRENCY = YES;
				SWIFT_EMIT_LOC_STRINGS = NO;
				SWIFT_UPCOMING_FEATURE_MEMBER_IMPORT_VISIBILITY = YES;
				SWIFT_VERSION = 5.0;
				TARGETED_DEVICE_FAMILY = 1;
				TEST_TARGET_NAME = "Behind-The-Reefs";
			};
			name = Debug;
		};
		2B451AF32FAC939500CB4F2E /* Release */ = {
			isa = XCBuildConfiguration;
			buildSettings = {
				CODE_SIGN_STYLE = Automatic;
				CURRENT_PROJECT_VERSION = 1;
				DEVELOPMENT_TEAM = 984P4SW3VJ;
				GENERATE_INFOPLIST_FILE = YES;
				MARKETING_VERSION = 1.0;
				PRODUCT_BUNDLE_IDENTIFIER = "com.hanaazizah.Behind-The-ReefsUITests";
				PRODUCT_NAME = "$(TARGET_NAME)";
				STRING_CATALOG_GENERATE_SYMBOLS = NO;
				SUPPORTED_PLATFORMS = "iphoneos iphonesimulator";
				SUPPORTS_MACCATALYST = NO;
				SUPPORTS_MAC_DESIGNED_FOR_IPHONE_IPAD = NO;
				SUPPORTS_XR_DESIGNED_FOR_IPHONE_IPAD = NO;
				SWIFT_APPROACHABLE_CONCURRENCY = YES;
				SWIFT_EMIT_LOC_STRINGS = NO;
				SWIFT_UPCOMING_FEATURE_MEMBER_IMPORT_VISIBILITY = YES;
				SWIFT_VERSION = 5.0;
				TARGETED_DEVICE_FAMILY = 1;
				TEST_TARGET_NAME = "Behind-The-Reefs";
			};
			name = Release;
		};
/* End XCBuildConfiguration section */

/* Begin XCConfigurationList section */
		2B451AC32FAC939300CB4F2E /* Build configuration list for PBXProject "Behind-The-Reefs" */ = {
			isa = XCConfigurationList;
			buildConfigurations = (
				2B451AE92FAC939500CB4F2E /* Debug */,
				2B451AEA2FAC939500CB4F2E /* Release */,
			);
			defaultConfigurationIsVisible = 0;
			defaultConfigurationName = Release;
		};
		2B451AEB2FAC939500CB4F2E /* Build configuration list for PBXNativeTarget "Behind-The-Reefs" */ = {
			isa = XCConfigurationList;
			buildConfigurations = (
				2B451AEC2FAC939500CB4F2E /* Debug */,
				2B451AED2FAC939500CB4F2E /* Release */,
			);
			defaultConfigurationIsVisible = 0;
			defaultConfigurationName = Release;
		};
		2B451AEE2FAC939500CB4F2E /* Build configuration list for PBXNativeTarget "Behind-The-ReefsTests" */ = {
			isa = XCConfigurationList;
			buildConfigurations = (
				2B451AEF2FAC939500CB4F2E /* Debug */,
				2B451AF02FAC939500CB4F2E /* Release */,
			);
			defaultConfigurationIsVisible = 0;
			defaultConfigurationName = Release;
		};
		2B451AF12FAC939500CB4F2E /* Build configuration list for PBXNativeTarget "Behind-The-ReefsUITests" */ = {
			isa = XCConfigurationList;
			buildConfigurations = (
				2B451AF22FAC939500CB4F2E /* Debug */,
				2B451AF32FAC939500CB4F2E /* Release */,
			);
			defaultConfigurationIsVisible = 0;
			defaultConfigurationName = Release;
		};
/* End XCConfigurationList section */
	};
	rootObject = 2B451AC02FAC939300CB4F2E /* Project object */;
}
